
Microsoft Visual Studio Solution File, Format Version 12.00
# Visual Studio Version 17
VisualStudioVersion = 17.11.35303.130
MinimumVisualStudioVersion = 10.0.40219.1
Project("{FAE04EC0-301F-11D3-BF4B-00C04F79EFBC}") = "MyWebApp", "MyWebApp\MyWebApp.csproj", "{777EFAD1-6BDE-43E3-A42D-135EAEF4AE1C}"
EndProject
Global
	GlobalSection(SolutionConfigurationPlatforms) = preSolution
		Debug|Any CPU = Debug|Any CPU
		Release|Any CPU = Release|Any CPU
	EndGlobalSection
	GlobalSection(ProjectConfigurationPlatforms) = postSolution
		{777EFAD1-6BDE-43E3-A42D-135EAEF4AE1C}.Debug|Any CPU.ActiveCfg = Debug|Any CPU
		{777EFAD1-6BDE-43E3-A42D-135EAEF4AE1C}.Debug|Any CPU.Build.0 = Debug|Any CPU
		{777EFAD1-6BDE-43E3-A42D-135EAEF4AE1C}.Release|Any CPU.ActiveCfg = Release|Any CPU
		{777EFAD1-6BDE-43E3-A42D-135EAEF4AE1C}.Release|Any CPU.Build.0 = Release|Any CPU
	EndGlobalSection
	GlobalSection(SolutionProperties) = preSolution
		HideSolutionNode = FALSE
	EndGlobalSection
	GlobalSection(ExtensibilityGlobals) = postSolution
		SolutionGuid = {BF10F549-C894-4B00-A993-0DB8400DC085}
	EndGlobalSection
EndGlobal
